// !$*UTF8*$!
{
	archiveVersion = 1;
	classes = {
	};
	objectVersion = 46;
	objects = {

/* Begin PBXBuildFile section */
		34FD89281D59CF5900CEEF85 /* main.m in Sources */ = {isa = PBXBuildFile; fileRef = 34FD89271D59CF5900CEEF85 /* main.m */; };
		34FD892B1D59CF5900CEEF85 /* AppDelegate.m in Sources */ = {isa = PBXBuildFile; fileRef = 34FD892A1D59CF5900CEEF85 /* AppDelegate.m */; };
		34FD892E1D59CF5900CEEF85 /* ViewController.m in Sources */ = {isa = PBXBuildFile; fileRef = 34FD892D1D59CF5900CEEF85 /* ViewController.m */; };
		34FD89311D59CF5900CEEF85 /* Main.storyboard in Resources */ = {isa = PBXBuildFile; fileRef = 34FD892F1D59CF5900CEEF85 /* Main.storyboard */; };
		34FD89331D59CF5900CEEF85 /* Assets.xcassets in Resources */ = {isa = PBXBuildFile; fileRef = 34FD89321D59CF5900CEEF85 /* Assets.xcassets */; };
		34FD89361D59CF5900CEEF85 /* LaunchScreen.storyboard in Resources */ = {isa = PBXBuildFile; fileRef = 34FD89341D59CF5900CEEF85 /* LaunchScreen.storyboard */; };
		34FD89411D59CF5900CEEF85 /* LZH_IJKPlayer_masterTests.m in Sources */ = {isa = PBXBuildFile; fileRef = 34FD89401D59CF5900CEEF85 /* LZH_IJKPlayer_masterTests.m */; };
		34FD894C1D59CF5900CEEF85 /* LZH_IJKPlayer_masterUITests.m in Sources */ = {isa = PBXBuildFile; fileRef = 34FD894B1D59CF5900CEEF85 /* LZH_IJKPlayer_masterUITests.m */; };
		34FD89BA1D59CF9000CEEF85 /* VideoPlayViewController.m in Sources */ = {isa = PBXBuildFile; fileRef = 34FD89B81D59CF9000CEEF85 /* VideoPlayViewController.m */; };
		34FD89BB1D59CF9000CEEF85 /* VideoPlayViewController.xib in Resources */ = {isa = PBXBuildFile; fileRef = 34FD89B91D59CF9000CEEF85 /* VideoPlayViewController.xib */; };
		34FD89BD1D59CFD800CEEF85 /* libz.tbd in Frameworks */ = {isa = PBXBuildFile; fileRef = 34FD89BC1D59CFD800CEEF85 /* libz.tbd */; };
		34FD89BF1D59CFE700CEEF85 /* libbz2.tbd in Frameworks */ = {isa = PBXBuildFile; fileRef = 34FD89BE1D59CFE700CEEF85 /* libbz2.tbd */; };
		34FD89C11D59CFEF00CEEF85 /* AudioToolbox.framework in Frameworks */ = {isa = PBXBuildFile; fileRef = 34FD89C01D59CFEF00CEEF85 /* AudioToolbox.framework */; };
		34FD89C31D59CFF700CEEF85 /* AVFoundation.framework in Frameworks */ = {isa = PBXBuildFile; fileRef = 34FD89C21D59CFF700CEEF85 /* AVFoundation.framework */; };
		34FD89C51D59D00300CEEF85 /* CoreMedia.framework in Frameworks */ = {isa = PBXBuildFile; fileRef = 34FD89C41D59D00300CEEF85 /* CoreMedia.framework */; };
		34FD89C71D59D00B00CEEF85 /* MobileCoreServices.framework in Frameworks */ = {isa = PBXBuildFile; fileRef = 34FD89C61D59D00B00CEEF85 /* MobileCoreServices.framework */; };
		34FD89C91D59D01200CEEF85 /* OpenGLES.framework in Frameworks */ = {isa = PBXBuildFile; fileRef = 34FD89C81D59D01200CEEF85 /* OpenGLES.framework */; };
		34FD89CB1D59D01800CEEF85 /* QuartzCore.framework in Frameworks */ = {isa = PBXBuildFile; fileRef = 34FD89CA1D59D01800CEEF85 /* QuartzCore.framework */; };
		34FD89CD1D59D02800CEEF85 /* UIKit.framework in Frameworks */ = {isa = PBXBuildFile; fileRef = 34FD89CC1D59D02800CEEF85 /* UIKit.framework */; };
		34FD89CF1D59D02F00CEEF85 /* VideoToolbox.framework in Frameworks */ = {isa = PBXBuildFile; fileRef = 34FD89CE1D59D02F00CEEF85 /* VideoToolbox.framework */; };
		77344763B58451D1749ECD2C /* libPods-LZH_IJKPlayer-master.a in Frameworks */ = {isa = PBXBuildFile; fileRef = EBB6B50DE3B6BB9342FDBA5C /* libPods-LZH_IJKPlayer-master.a */; };
/* End PBXBuildFile section */

/* Begin PBXContainerItemProxy section */
		34FD893D1D59CF5900CEEF85 /* PBXContainerItemProxy */ = {
			isa = PBXContainerItemProxy;
			containerPortal = 34FD891B1D59CF5800CEEF85 /* Project object */;
			proxyType = 1;
			remoteGlobalIDString = 34FD89221D59CF5900CEEF85;
			remoteInfo = "LZH_IJKPlayer-master";
		};
		34FD89481D59CF5900CEEF85 /* PBXContainerItemProxy */ = {
			isa = PBXContainerItemProxy;
			containerPortal = 34FD891B1D59CF5800CEEF85 /* Project object */;
			proxyType = 1;
			remoteGlobalIDString = 34FD89221D59CF5900CEEF85;
			remoteInfo = "LZH_IJKPlayer-master";
		};
/* End PBXContainerItemProxy section */

/* Begin PBXFileReference section */
		164F24D63B6CE19A0BFC0BA2 /* Pods-LZH_IJKPlayer-master.release.xcconfig */ = {isa = PBXFileReference; includeInIndex = 1; lastKnownFileType = text.xcconfig; name = "Pods-LZH_IJKPlayer-master.release.xcconfig"; path = "Target Support Files/Pods-LZH_IJKPlayer-master/Pods-LZH_IJKPlayer-master.release.xcconfig"; sourceTree = "<group>"; };
		34FD89231D59CF5900CEEF85 /* LZH_IJKPlayer-master.app */ = {isa = PBXFileReference; explicitFileType = wrapper.application; includeInIndex = 0; path = "LZH_IJKPlayer-master.app"; sourceTree = BUILT_PRODUCTS_DIR; };
		34FD89271D59CF5900CEEF85 /* main.m */ = {isa = PBXFileReference; lastKnownFileType = sourcecode.c.objc; path = main.m; sourceTree = "<group>"; };
		34FD89291D59CF5900CEEF85 /* AppDelegate.h */ = {isa = PBXFileReference; lastKnownFileType = sourcecode.c.h; path = AppDelegate.h; sourceTree = "<group>"; };
		34FD892A1D59CF5900CEEF85 /* AppDelegate.m */ = {isa = PBXFileReference; lastKnownFileType = sourcecode.c.objc; path = AppDelegate.m; sourceTree = "<group>"; };
		34FD892C1D59CF5900CEEF85 /* ViewController.h */ = {isa = PBXFileReference; lastKnownFileType = sourcecode.c.h; path = ViewController.h; sourceTree = "<group>"; };
		34FD892D1D59CF5900CEEF85 /* ViewController.m */ = {isa = PBXFileReference; lastKnownFileType = sourcecode.c.objc; path = ViewController.m; sourceTree = "<group>"; };
		34FD89301D59CF5900CEEF85 /* Base */ = {isa = PBXFileReference; lastKnownFileType = file.storyboard; name = Base; path = Base.lproj/Main.storyboard; sourceTree = "<group>"; };
		34FD89321D59CF5900CEEF85 /* Assets.xcassets */ = {isa = PBXFileReference; lastKnownFileType = folder.assetcatalog; path = Assets.xcassets; sourceTree = "<group>"; };
		34FD89351D59CF5900CEEF85 /* Base */ = {isa = PBXFileReference; lastKnownFileType = file.storyboard; name = Base; path = Base.lproj/LaunchScreen.storyboard; sourceTree = "<group>"; };
		34FD89371D59CF5900CEEF85 /* Info.plist */ = {isa = PBXFileReference; lastKnownFileType = text.plist.xml; path = Info.plist; sourceTree = "<group>"; };
		34FD893C1D59CF5900CEEF85 /* LZH_IJKPlayer-masterTests.xctest */ = {isa = PBXFileReference; explicitFileType = wrapper.cfbundle; includeInIndex = 0; path = "LZH_IJKPlayer-masterTests.xctest"; sourceTree = BUILT_PRODUCTS_DIR; };
		34FD89401D59CF5900CEEF85 /* LZH_IJKPlayer_masterTests.m */ = {isa = PBXFileReference; lastKnownFileType = sourcecode.c.objc; path = LZH_IJKPlayer_masterTests.m; sourceTree = "<group>"; };
		34FD89421D59CF5900CEEF85 /* Info.plist */ = {isa = PBXFileReference; lastKnownFileType = text.plist.xml; path = Info.plist; sourceTree = "<group>"; };
		34FD89471D59CF5900CEEF85 /* LZH_IJKPlayer-masterUITests.xctest */ = {isa = PBXFileReference; explicitFileType = wrapper.cfbundle; includeInIndex = 0; path = "LZH_IJKPlayer-masterUITests.xctest"; sourceTree = BUILT_PRODUCTS_DIR; };
		34FD894B1D59CF5900CEEF85 /* LZH_IJKPlayer_masterUITests.m */ = {isa = PBXFileReference; lastKnownFileType = sourcecode.c.objc; path = LZH_IJKPlayer_masterUITests.m; sourceTree = "<group>"; };
		34FD894D1D59CF5900CEEF85 /* Info.plist */ = {isa = PBXFileReference; lastKnownFileType = text.plist.xml; path = Info.plist; sourceTree = "<group>"; };
		34FD89B71D59CF9000CEEF85 /* VideoPlayViewController.h */ = {isa = PBXFileReference; fileEncoding = 4; lastKnownFileType = sourcecode.c.h; path = VideoPlayViewController.h; sourceTree = "<group>"; };
		34FD89B81D59CF9000CEEF85 /* VideoPlayViewController.m */ = {isa = PBXFileReference; fileEncoding = 4; lastKnownFileType = sourcecode.c.objc; path = VideoPlayViewController.m; sourceTree = "<group>"; };
		34FD89B91D59CF9000CEEF85 /* VideoPlayViewController.xib */ = {isa = PBXFileReference; fileEncoding = 4; lastKnownFileType = file.xib; path = VideoPlayViewController.xib; sourceTree = "<group>"; };
		34FD89BC1D59CFD800CEEF85 /* libz.tbd */ = {isa = PBXFileReference; lastKnownFileType = "sourcecode.text-based-dylib-definition"; name = libz.tbd; path = usr/lib/libz.tbd; sourceTree = SDKROOT; };
		34FD89BE1D59CFE700CEEF85 /* libbz2.tbd */ = {isa = PBXFileReference; lastKnownFileType = "sourcecode.text-based-dylib-definition"; name = libbz2.tbd; path = usr/lib/libbz2.tbd; sourceTree = SDKROOT; };
		34FD89C01D59CFEF00CEEF85 /* AudioToolbox.framework */ = {isa = PBXFileReference; lastKnownFileType = wrapper.framework; name = AudioToolbox.framework; path = System/Library/Frameworks/AudioToolbox.framework; sourceTree = SDKROOT; };
		34FD89C21D59CFF700CEEF85 /* AVFoundation.framework */ = {isa = PBXFileReference; lastKnownFileType = wrapper.framework; name = AVFoundation.framework; path = System/Library/Frameworks/AVFoundation.framework; sourceTree = SDKROOT; };
		34FD89C41D59D00300CEEF85 /* CoreMedia.framework */ = {isa = PBXFileReference; lastKnownFileType = wrapper.framework; name = CoreMedia.framework; path = System/Library/Frameworks/CoreMedia.framework; sourceTree = SDKROOT; };
		34FD89C61D59D00B00CEEF85 /* MobileCoreServices.framework */ = {isa = PBXFileReference; lastKnownFileType = wrapper.framework; name = MobileCoreServices.framework; path = System/Library/Frameworks/MobileCoreServices.framework; sourceTree = SDKROOT; };
		34FD89C81D59D01200CEEF85 /* OpenGLES.framework */ = {isa = PBXFileReference; lastKnownFileType = wrapper.framework; name = OpenGLES.framework; path = System/Library/Frameworks/OpenGLES.framework; sourceTree = SDKROOT; };
		34FD89CA1D59D01800CEEF85 /* QuartzCore.framework */ = {isa = PBXFileReference; lastKnownFileType = wrapper.framework; name = QuartzCore.framework; path = System/Library/Frameworks/QuartzCore.framework; sourceTree = SDKROOT; };
		34FD89CC1D59D02800CEEF85 /* UIKit.framework */ = {isa = PBXFileReference; lastKnownFileType = wrapper.framework; name = UIKit.framework; path = System/Library/Frameworks/UIKit.framework; sourceTree = SDKROOT; };
		34FD89CE1D59D02F00CEEF85 /* VideoToolbox.framework */ = {isa = PBXFileReference; lastKnownFileType = wrapper.framework; name = VideoToolbox.framework; path = System/Library/Frameworks/VideoToolbox.framework; sourceTree = SDKROOT; };
		84E3C66E49FCB91C374556CA /* Pods-LZH_IJKPlayer-master.debug.xcconfig */ = {isa = PBXFileReference; includeInIndex = 1; lastKnownFileType = text.xcconfig; name = "Pods-LZH_IJKPlayer-master.debug.xcconfig"; path = "Target Support Files/Pods-LZH_IJKPlayer-master/Pods-LZH_IJKPlayer-master.debug.xcconfig"; sourceTree = "<group>"; };
		EBB6B50DE3B6BB9342FDBA5C /* libPods-LZH_IJKPlayer-master.a */ = {isa = PBXFileReference; explicitFileType = archive.ar; includeInIndex = 0; path = "libPods-LZH_IJKPlayer-master.a"; sourceTree = BUILT_PRODUCTS_DIR; };
/* End PBXFileReference section */

/* Begin PBXFrameworksBuildPhase section */
		34FD89201D59CF5900CEEF85 /* Frameworks */ = {
			isa = PBXFrameworksBuildPhase;
			buildActionMask = 2147483647;
			files = (
				34FD89CF1D59D02F00CEEF85 /* VideoToolbox.framework in Frameworks */,
				34FD89CD1D59D02800CEEF85 /* UIKit.framework in Frameworks */,
				34FD89CB1D59D01800CEEF85 /* QuartzCore.framework in Frameworks */,
				34FD89C91D59D01200CEEF85 /* OpenGLES.framework in Frameworks */,
				34FD89C71D59D00B00CEEF85 /* MobileCoreServices.framework in Frameworks */,
				34FD89C51D59D00300CEEF85 /* CoreMedia.framework in Frameworks */,
				34FD89C31D59CFF700CEEF85 /* AVFoundation.framework in Frameworks */,
				34FD89C11D59CFEF00CEEF85 /* AudioToolbox.framework in Frameworks */,
				34FD89BF1D59CFE700CEEF85 /* libbz2.tbd in Frameworks */,
				34FD89BD1D59CFD800CEEF85 /* libz.tbd in Frameworks */,
				77344763B58451D1749ECD2C /* libPods-LZH_IJKPlayer-master.a in Frameworks */,
			);
			runOnlyForDeploymentPostprocessing = 0;
		};
		34FD89391D59CF5900CEEF85 /* Frameworks */ = {
			isa = PBXFrameworksBuildPhase;
			buildActionMask = 2147483647;
			files = (
			);
			runOnlyForDeploymentPostprocessing = 0;
		};
		34FD89441D59CF5900CEEF85 /* Frameworks */ = {
			isa = PBXFrameworksBuildPhase;
			buildActionMask = 2147483647;
			files = (
			);
			runOnlyForDeploymentPostprocessing = 0;
		};
/* End PBXFrameworksBuildPhase section */

/* Begin PBXGroup section */
		30CD2BBF8D72FAB71885FC89 /* Pods */ = {
			isa = PBXGroup;
			children = (
				84E3C66E49FCB91C374556CA /* Pods-LZH_IJKPlayer-master.debug.xcconfig */,
				164F24D63B6CE19A0BFC0BA2 /* Pods-LZH_IJKPlayer-master.release.xcconfig */,
			);
			path = Pods;
			sourceTree = "<group>";
		};
		34FD891A1D59CF5800CEEF85 = {
			isa = PBXGroup;
			children = (
				34FD89251D59CF5900CEEF85 /* LZH_IJKPlayer-master */,
				34FD893F1D59CF5900CEEF85 /* LZH_IJKPlayer-masterTests */,
				34FD894A1D59CF5900CEEF85 /* LZH_IJKPlayer-masterUITests */,
				34FD89241D59CF5900CEEF85 /* Products */,
				30CD2BBF8D72FAB71885FC89 /* Pods */,
				A08441FC05B655F5A5887959 /* Frameworks */,
			);
			sourceTree = "<group>";
		};
		34FD89241D59CF5900CEEF85 /* Products */ = {
			isa = PBXGroup;
			children = (
				34FD89231D59CF5900CEEF85 /* LZH_IJKPlayer-master.app */,
				34FD893C1D59CF5900CEEF85 /* LZH_IJKPlayer-masterTests.xctest */,
				34FD89471D59CF5900CEEF85 /* LZH_IJKPlayer-masterUITests.xctest */,
			);
			name = Products;
			sourceTree = "<group>";
		};
		34FD89251D59CF5900CEEF85 /* LZH_IJKPlayer-master */ = {
			isa = PBXGroup;
			children = (
				34FD89291D59CF5900CEEF85 /* AppDelegate.h */,
				34FD892A1D59CF5900CEEF85 /* AppDelegate.m */,
				34FD892C1D59CF5900CEEF85 /* ViewController.h */,
				34FD892D1D59CF5900CEEF85 /* ViewController.m */,
				34FD89B71D59CF9000CEEF85 /* VideoPlayViewController.h */,
				34FD89B81D59CF9000CEEF85 /* VideoPlayViewController.m */,
				34FD89B91D59CF9000CEEF85 /* VideoPlayViewController.xib */,
				34FD892F1D59CF5900CEEF85 /* Main.storyboard */,
				34FD89321D59CF5900CEEF85 /* Assets.xcassets */,
				34FD89341D59CF5900CEEF85 /* LaunchScreen.storyboard */,
				34FD89371D59CF5900CEEF85 /* Info.plist */,
				34FD89681D59CF7D00CEEF85 /* Framework */,
				34FD89261D59CF5900CEEF85 /* Supporting Files */,
			);
			path = "LZH_IJKPlayer-master";
			sourceTree = "<group>";
		};
		34FD89261D59CF5900CEEF85 /* Supporting Files */ = {
			isa = PBXGroup;
			children = (
				34FD89271D59CF5900CEEF85 /* main.m */,
			);
			name = "Supporting Files";
			sourceTree = "<group>";
		};
		34FD893F1D59CF5900CEEF85 /* LZH_IJKPlayer-masterTests */ = {
			isa = PBXGroup;
			children = (
				34FD89401D59CF5900CEEF85 /* LZH_IJKPlayer_masterTests.m */,
				34FD89421D59CF5900CEEF85 /* Info.plist */,
			);
			path = "LZH_IJKPlayer-masterTests";
			sourceTree = "<group>";
		};
		34FD894A1D59CF5900CEEF85 /* LZH_IJKPlayer-masterUITests */ = {
			isa = PBXGroup;
			children = (
				34FD894B1D59CF5900CEEF85 /* LZH_IJKPlayer_masterUITests.m */,
				34FD894D1D59CF5900CEEF85 /* Info.plist */,
			);
			path = "LZH_IJKPlayer-masterUITests";
			sourceTree = "<group>";
		};
		34FD89681D59CF7D00CEEF85 /* Framework */ = {
			isa = PBXGroup;
			children = (
				34FD89CE1D59D02F00CEEF85 /* VideoToolbox.framework */,
				34FD89CC1D59D02800CEEF85 /* UIKit.framework */,
				34FD89CA1D59D01800CEEF85 /* QuartzCore.framework */,
				34FD89C81D59D01200CEEF85 /* OpenGLES.framework */,
				34FD89C61D59D00B00CEEF85 /* MobileCoreServices.framework */,
				34FD89C41D59D00300CEEF85 /* CoreMedia.framework */,
				34FD89C21D59CFF700CEEF85 /* AVFoundation.framework */,
				34FD89C01D59CFEF00CEEF85 /* AudioToolbox.framework */,
				34FD89BE1D59CFE700CEEF85 /* libbz2.tbd */,
				34FD89BC1D59CFD800CEEF85 /* libz.tbd */,
			);
			path = Framework;
			sourceTree = "<group>";
		};
		A08441FC05B655F5A5887959 /* Frameworks */ = {
			isa = PBXGroup;
			children = (
				EBB6B50DE3B6BB9342FDBA5C /* libPods-LZH_IJKPlayer-master.a */,
			);
			name = Frameworks;
			sourceTree = "<group>";
		};
/* End PBXGroup section */

/* Begin PBXNativeTarget section */
		34FD89221D59CF5900CEEF85 /* LZH_IJKPlayer-master */ = {
			isa = PBXNativeTarget;
			buildConfigurationList = 34FD89501D59CF5900CEEF85 /* Build configuration list for PBXNativeTarget "LZH_IJKPlayer-master" */;
			buildPhases = (
				726C20B5F6C32AED8378B35B /* [CP] Check Pods Manifest.lock */,
				34FD891F1D59CF5900CEEF85 /* Sources */,
				34FD89201D59CF5900CEEF85 /* Frameworks */,
				34FD89211D59CF5900CEEF85 /* Resources */,
				823AE246ED213200FADFA70A /* [CP] Copy Pods Resources */,
			);
			buildRules = (
			);
			dependencies = (
			);
			name = "LZH_IJKPlayer-master";
			productName = "LZH_IJKPlayer-master";
			productReference = 34FD89231D59CF5900CEEF85 /* LZH_IJKPlayer-master.app */;
			productType = "com.apple.product-type.application";
		};
		34FD893B1D59CF5900CEEF85 /* LZH_IJKPlayer-masterTests */ = {
			isa = PBXNativeTarget;
			buildConfigurationList = 34FD89531D59CF5900CEEF85 /* Build configuration list for PBXNativeTarget "LZH_IJKPlayer-masterTests" */;
			buildPhases = (
				34FD89381D59CF5900CEEF85 /* Sources */,
				34FD89391D59CF5900CEEF85 /* Frameworks */,
				34FD893A1D59CF5900CEEF85 /* Resources */,
			);
			buildRules = (
			);
			dependencies = (
				34FD893E1D59CF5900CEEF85 /* PBXTargetDependency */,
			);
			name = "LZH_IJKPlayer-masterTests";
			productName = "LZH_IJKPlayer-masterTests";
			productReference = 34FD893C1D59CF5900CEEF85 /* LZH_IJKPlayer-masterTests.xctest */;
			productType = "com.apple.product-type.bundle.unit-test";
		};
		34FD89461D59CF5900CEEF85 /* LZH_IJKPlayer-masterUITests */ = {
			isa = PBXNativeTarget;
			buildConfigurationList = 34FD89561D59CF5900CEEF85 /* Build configuration list for PBXNativeTarget "LZH_IJKPlayer-masterUITests" */;
			buildPhases = (
				34FD89431D59CF5900CEEF85 /* Sources */,
				34FD89441D59CF5900CEEF85 /* Frameworks */,
				34FD89451D59CF5900CEEF85 /* Resources */,
			);
			buildRules = (
			);
			dependencies = (
				34FD89491D59CF5900CEEF85 /* PBXTargetDependency */,
			);
			name = "LZH_IJKPlayer-masterUITests";
			productName = "LZH_IJKPlayer-masterUITests";
			productReference = 34FD89471D59CF5900CEEF85 /* LZH_IJKPlayer-masterUITests.xctest */;
			productType = "com.apple.product-type.bundle.ui-testing";
		};
/* End PBXNativeTarget section */

/* Begin PBXProject section */
		34FD891B1D59CF5800CEEF85 /* Project object */ = {
			isa = PBXProject;
			attributes = {
				LastUpgradeCheck = 0730;
				ORGANIZATIONNAME = lzh;
				TargetAttributes = {
					34FD89221D59CF5900CEEF85 = {
						CreatedOnToolsVersion = 7.3.1;
					};
					34FD893B1D59CF5900CEEF85 = {
						CreatedOnToolsVersion = 7.3.1;
						TestTargetID = 34FD89221D59CF5900CEEF85;
					};
					34FD89461D59CF5900CEEF85 = {
						CreatedOnToolsVersion = 7.3.1;
						TestTargetID = 34FD89221D59CF5900CEEF85;
					};
				};
			};
			buildConfigurationList = 34FD891E1D59CF5800CEEF85 /* Build configuration list for PBXProject "LZH_IJKPlayer-master" */;
			compatibilityVersion = "Xcode 3.2";
			developmentRegion = English;
			hasScannedForEncodings = 0;
			knownRegions = (
				English,
				en,
				Base,
			);
			mainGroup = 34FD891A1D59CF5800CEEF85;
			productRefGroup = 34FD89241D59CF5900CEEF85 /* Products */;
			projectDirPath = "";
			projectRoot = "";
			targets = (
				34FD89221D59CF5900CEEF85 /* LZH_IJKPlayer-master */,
				34FD893B1D59CF5900CEEF85 /* LZH_IJKPlayer-masterTests */,
				34FD89461D59CF5900CEEF85 /* LZH_IJKPlayer-masterUITests */,
			);
		};
/* End PBXProject section */

/* Begin PBXResourcesBuildPhase section */
		34FD89211D59CF5900CEEF85 /* Resources */ = {
			isa = PBXResourcesBuildPhase;
			buildActionMask = 2147483647;
			files = (
				34FD89BB1D59CF9000CEEF85 /* VideoPlayViewController.xib in Resources */,
				34FD89361D59CF5900CEEF85 /* LaunchScreen.storyboard in Resources */,
				34FD89331D59CF5900CEEF85 /* Assets.xcassets in Resources */,
				34FD89311D59CF5900CEEF85 /* Main.storyboard in Resources */,
			);
			runOnlyForDeploymentPostprocessing = 0;
		};
		34FD893A1D59CF5900CEEF85 /* Resources */ = {
			isa = PBXResourcesBuildPhase;
			buildActionMask = 2147483647;
			files = (
			);
			runOnlyForDeploymentPostprocessing = 0;
		};
		34FD89451D59CF5900CEEF85 /* Resources */ = {
			isa = PBXResourcesBuildPhase;
			buildActionMask = 2147483647;
			files = (
			);
			runOnlyForDeploymentPostprocessing = 0;
		};
/* End PBXResourcesBuildPhase section */

/* Begin PBXShellScriptBuildPhase section */
		726C20B5F6C32AED8378B35B /* [CP] Check Pods Manifest.lock */ = {
			isa = PBXShellScriptBuildPhase;
			buildActionMask = 2147483647;
			files = (
			);
			inputFileListPaths = (
			);
			inputPaths = (
				"${PODS_PODFILE_DIR_PATH}/Podfile.lock",
				"${PODS_ROOT}/Manifest.lock",
			);
			name = "[CP] Check Pods Manifest.lock";
			outputFileListPaths = (
			);
			outputPaths = (
				"$(DERIVED_FILE_DIR)/Pods-LZH_IJKPlayer-master-checkManifestLockResult.txt",
			);
			runOnlyForDeploymentPostprocessing = 0;
			shellPath = /bin/sh;
			shellScript = "diff \"${PODS_PODFILE_DIR_PATH}/Podfile.lock\" \"${PODS_ROOT}/Manifest.lock\" > /dev/null\nif [ $? != 0 ] ; then\n    # print error to STDERR\n    echo \"error: The sandbox is not in sync with the Podfile.lock. Run 'pod install' or update your CocoaPods installation.\" >&2\n    exit 1\nfi\n# This output is used by Xcode 'outputs' to avoid re-running this script phase.\necho \"SUCCESS\" > \"${SCRIPT_OUTPUT_FILE_0}\"\n";
			showEnvVarsInLog = 0;
		};
		823AE246ED213200FADFA70A /* [CP] Copy Pods Resources */ = {
			isa = PBXShellScriptBuildPhase;
			buildActionMask = 2147483647;
			files = (
			);
			inputPaths = (
				"${PODS_ROOT}/Target Support Files/Pods-LZH_IJKPlayer-master/Pods-LZH_IJKPlayer-master-resources.sh",
				"${PODS_ROOT}/../LZH_ijkPlayer/Classes/XYVideoPlayerView.xib",
				"${PODS_ROOT}/../LZH_ijkPlayer/Resources/icon/fullscreen@2x.png",
				"${PODS_ROOT}/../LZH_ijkPlayer/Resources/icon/fullscreen@3x.png",
				"${PODS_ROOT}/../LZH_ijkPlayer/Resources/icon/gobackBtn.png",
				"${PODS_ROOT}/../LZH_ijkPlayer/Resources/icon/gobackBtn@2x.png",
				"${PODS_ROOT}/../LZH_ijkPlayer/Resources/icon/gobackBtn@3x.png",
				"${PODS_ROOT}/../LZH_ijkPlayer/Resources/icon/iconfont-yuan.png",
				"${PODS_ROOT}/../LZH_ijkPlayer/Resources/icon/nonfullscreen@2x.png",
				"${PODS_ROOT}/../LZH_ijkPlayer/Resources/icon/nonfullscreen@3x.png",
				"${PODS_ROOT}/../LZH_ijkPlayer/Resources/icon/pauseBtn.png",
				"${PODS_ROOT}/../LZH_ijkPlayer/Resources/icon/pauseBtn@2x.png",
				"${PODS_ROOT}/../LZH_ijkPlayer/Resources/icon/pauseBtn@3x.png",
				"${PODS_ROOT}/../LZH_ijkPlayer/Resources/icon/playBtn.png",
				"${PODS_ROOT}/../LZH_ijkPlayer/Resources/icon/playBtn@2x.png",
				"${PODS_ROOT}/../LZH_ijkPlayer/Resources/icon/playBtn@3x.png",
				"${PODS_ROOT}/../LZH_ijkPlayer/Resources/icon/player_fit@2x.png",
				"${PODS_ROOT}/../LZH_ijkPlayer/Resources/icon/player_fit@3x.png",
			);
			name = "[CP] Copy Pods Resources";
			outputPaths = (
				"${TARGET_BUILD_DIR}/${UNLOCALIZED_RESOURCES_FOLDER_PATH}/XYVideoPlayerView.nib",
				"${TARGET_BUILD_DIR}/${UNLOCALIZED_RESOURCES_FOLDER_PATH}/fullscreen@2x.png",
				"${TARGET_BUILD_DIR}/${UNLOCALIZED_RESOURCES_FOLDER_PATH}/fullscreen@3x.png",
				"${TARGET_BUILD_DIR}/${UNLOCALIZED_RESOURCES_FOLDER_PATH}/gobackBtn.png",
				"${TARGET_BUILD_DIR}/${UNLOCALIZED_RESOURCES_FOLDER_PATH}/gobackBtn@2x.png",
				"${TARGET_BUILD_DIR}/${UNLOCALIZED_RESOURCES_FOLDER_PATH}/gobackBtn@3x.png",
				"${TARGET_BUILD_DIR}/${UNLOCALIZED_RESOURCES_FOLDER_PATH}/iconfont-yuan.png",
				"${TARGET_BUILD_DIR}/${UNLOCALIZED_RESOURCES_FOLDER_PATH}/nonfullscreen@2x.png",
				"${TARGET_BUILD_DIR}/${UNLOCALIZED_RESOURCES_FOLDER_PATH}/nonfullscreen@3x.png",
				"${TARGET_BUILD_DIR}/${UNLOCALIZED_RESOURCES_FOLDER_PATH}/pauseBtn.png",
				"${TARGET_BUILD_DIR}/${UNLOCALIZED_RESOURCES_FOLDER_PATH}/pauseBtn@2x.png",
				"${TARGET_BUILD_DIR}/${UNLOCALIZED_RESOURCES_FOLDER_PATH}/pauseBtn@3x.png",
				"${TARGET_BUILD_DIR}/${UNLOCALIZED_RESOURCES_FOLDER_PATH}/playBtn.png",
				"${TARGET_BUILD_DIR}/${UNLOCALIZED_RESOURCES_FOLDER_PATH}/playBtn@2x.png",
				"${TARGET_BUILD_DIR}/${UNLOCALIZED_RESOURCES_FOLDER_PATH}/playBtn@3x.png",
				"${TARGET_BUILD_DIR}/${UNLOCALIZED_RESOURCES_FOLDER_PATH}/player_fit@2x.png",
				"${TARGET_BUILD_DIR}/${UNLOCALIZED_RESOURCES_FOLDER_PATH}/player_fit@3x.png",
			);
			runOnlyForDeploymentPostprocessing = 0;
			shellPath = /bin/sh;
			shellScript = "\"${PODS_ROOT}/Target Support Files/Pods-LZH_IJKPlayer-master/Pods-LZH_IJKPlayer-master-resources.sh\"\n";
			showEnvVarsInLog = 0;
		};
/* End PBXShellScriptBuildPhase section */

/* Begin PBXSourcesBuildPhase section */
		34FD891F1D59CF5900CEEF85 /* Sources */ = {
			isa = PBXSourcesBuildPhase;
			buildActionMask = 2147483647;
			files = (
				34FD89BA1D59CF9000CEEF85 /* VideoPlayViewController.m in Sources */,
				34FD892E1D59CF5900CEEF85 /* ViewController.m in Sources */,
				34FD892B1D59CF5900CEEF85 /* AppDelegate.m in Sources */,
				34FD89281D59CF5900CEEF85 /* main.m in Sources */,
			);
			runOnlyForDeploymentPostprocessing = 0;
		};
		34FD89381D59CF5900CEEF85 /* Sources */ = {
			isa = PBXSourcesBuildPhase;
			buildActionMask = 2147483647;
			files = (
				34FD89411D59CF5900CEEF85 /* LZH_IJKPlayer_masterTests.m in Sources */,
			);
			runOnlyForDeploymentPostprocessing = 0;
		};
		34FD89431D59CF5900CEEF85 /* Sources */ = {
			isa = PBXSourcesBuildPhase;
			buildActionMask = 2147483647;
			files = (
				34FD894C1D59CF5900CEEF85 /* LZH_IJKPlayer_masterUITests.m in Sources */,
			);
			runOnlyForDeploymentPostprocessing = 0;
		};
/* End PBXSourcesBuildPhase section */

/* Begin PBXTargetDependency section */
		34FD893E1D59CF5900CEEF85 /* PBXTargetDependency */ = {
			isa = PBXTargetDependency;
			target = 34FD89221D59CF5900CEEF85 /* LZH_IJKPlayer-master */;
			targetProxy = 34FD893D1D59CF5900CEEF85 /* PBXContainerItemProxy */;
		};
		34FD89491D59CF5900CEEF85 /* PBXTargetDependency */ = {
			isa = PBXTargetDependency;
			target = 34FD89221D59CF5900CEEF85 /* LZH_IJKPlayer-master */;
			targetProxy = 34FD89481D59CF5900CEEF85 /* PBXContainerItemProxy */;
		};
/* End PBXTargetDependency section */

/* Begin PBXVariantGroup section */
		34FD892F1D59CF5900CEEF85 /* Main.storyboard */ = {
			isa = PBXVariantGroup;
			children = (
				34FD89301D59CF5900CEEF85 /* Base */,
			);
			name = Main.storyboard;
			sourceTree = "<group>";
		};
		34FD89341D59CF5900CEEF85 /* LaunchScreen.storyboard */ = {
			isa = PBXVariantGroup;
			children = (
				34FD89351D59CF5900CEEF85 /* Base */,
			);
			name = LaunchScreen.storyboard;
			sourceTree = "<group>";
		};
/* End PBXVariantGroup section */

/* Begin XCBuildConfiguration section */
		34FD894E1D59CF5900CEEF85 /* Debug */ = {
			isa = XCBuildConfiguration;
			buildSettings = {
				ALWAYS_SEARCH_USER_PATHS = NO;
				CLANG_ANALYZER_NONNULL = YES;
				CLANG_CXX_LANGUAGE_STANDARD = "gnu++0x";
				CLANG_CXX_LIBRARY = "libc++";
				CLANG_ENABLE_MODULES = YES;
				CLANG_ENABLE_OBJC_ARC = YES;
				CLANG_WARN_BOOL_CONVERSION = YES;
				CLANG_WARN_CONSTANT_CONVERSION = YES;
				CLANG_WARN_DIRECT_OBJC_ISA_USAGE = YES_ERROR;
				CLANG_WARN_EMPTY_BODY = YES;
				CLANG_WARN_ENUM_CONVERSION = YES;
				CLANG_WARN_INT_CONVERSION = YES;
				CLANG_WARN_OBJC_ROOT_CLASS = YES_ERROR;
				CLANG_WARN_UNREACHABLE_CODE = YES;
				CLANG_WARN__DUPLICATE_METHOD_MATCH = YES;
				"CODE_SIGN_IDENTITY[sdk=iphoneos*]" = "iPhone Developer";
				COPY_PHASE_STRIP = NO;
				DEBUG_INFORMATION_FORMAT = dwarf;
				ENABLE_STRICT_OBJC_MSGSEND = YES;
				ENABLE_TESTABILITY = YES;
				GCC_C_LANGUAGE_STANDARD = gnu99;
				GCC_DYNAMIC_NO_PIC = NO;
				GCC_NO_COMMON_BLOCKS = YES;
				GCC_OPTIMIZATION_LEVEL = 0;
				GCC_PREPROCESSOR_DEFINITIONS = (
					"DEBUG=1",
					"$(inherited)",
				);
				GCC_WARN_64_TO_32_BIT_CONVERSION = YES;
				GCC_WARN_ABOUT_RETURN_TYPE = YES_ERROR;
				GCC_WARN_UNDECLARED_SELECTOR = YES;
				GCC_WARN_UNINITIALIZED_AUTOS = YES_AGGRESSIVE;
				GCC_WARN_UNUSED_FUNCTION = YES;
				GCC_WARN_UNUSED_VARIABLE = YES;
				IPHONEOS_DEPLOYMENT_TARGET = 9.0;
				MTL_ENABLE_DEBUG_INFO = YES;
				ONLY_ACTIVE_ARCH = YES;
				SDKROOT = iphoneos;
				TARGETED_DEVICE_FAMILY = "1,2";
			};
			name = Debug;
		};
		34FD894F1D59CF5900CEEF85 /* Release */ = {
			isa = XCBuildConfiguration;
			buildSettings = {
				ALWAYS_SEARCH_USER_PATHS = NO;
				CLANG_ANALYZER_NONNULL = YES;
				CLANG_CXX_LANGUAGE_STANDARD = "gnu++0x";
				CLANG_CXX_LIBRARY = "libc++";
				CLANG_ENABLE_MODULES = YES;
				CLANG_ENABLE_OBJC_ARC = YES;
				CLANG_WARN_BOOL_CONVERSION = YES;
				CLANG_WARN_CONSTANT_CONVERSION = YES;
				CLANG_WARN_DIRECT_OBJC_ISA_USAGE = YES_ERROR;
				CLANG_WARN_EMPTY_BODY = YES;
				CLANG_WARN_ENUM_CONVERSION = YES;
				CLANG_WARN_INT_CONVERSION = YES;
				CLANG_WARN_OBJC_ROOT_CLASS = YES_ERROR;
				CLANG_WARN_UNREACHABLE_CODE = YES;
				CLANG_WARN__DUPLICATE_METHOD_MATCH = YES;
				"CODE_SIGN_IDENTITY[sdk=iphoneos*]" = "iPhone Developer";
				COPY_PHASE_STRIP = NO;
				DEBUG_INFORMATION_FORMAT = "dwarf-with-dsym";
				ENABLE_NS_ASSERTIONS = NO;
				ENABLE_STRICT_OBJC_MSGSEND = YES;
				GCC_C_LANGUAGE_STANDARD = gnu99;
				GCC_NO_COMMON_BLOCKS = YES;
				GCC_WARN_64_TO_32_BIT_CONVERSION = YES;
				GCC_WARN_ABOUT_RETURN_TYPE = YES_ERROR;
				GCC_WARN_UNDECLARED_SELECTOR = YES;
				GCC_WARN_UNINITIALIZED_AUTOS = YES_AGGRESSIVE;
				GCC_WARN_UNUSED_FUNCTION = YES;
				GCC_WARN_UNUSED_VARIABLE = YES;
				IPHONEOS_DEPLOYMENT_TARGET = 9.0;
				MTL_ENABLE_DEBUG_INFO = NO;
				SDKROOT = iphoneos;
				TARGETED_DEVICE_FAMILY = "1,2";
				VALIDATE_PRODUCT = YES;
			};
			name = Release;
		};
		34FD89511D59CF5900CEEF85 /* Debug */ = {
			isa = XCBuildConfiguration;
			baseConfigurationReference = 84E3C66E49FCB91C374556CA /* Pods-LZH_IJKPlayer-master.debug.xcconfig */;
			buildSettings = {
				ASSETCATALOG_COMPILER_APPICON_NAME = AppIcon;
				FRAMEWORK_SEARCH_PATHS = (
					"$(inherited)",
					"$(PROJECT_DIR)/LZH_IJKPlayer-master/Framework",
				);
				INFOPLIST_FILE = "LZH_IJKPlayer-master/Info.plist";
				LD_RUNPATH_SEARCH_PATHS = "$(inherited) @executable_path/Frameworks";
				PRODUCT_BUNDLE_IDENTIFIER = "com.Harvy.LZH-IJKPlayer-master";
				PRODUCT_NAME = "$(TARGET_NAME)";
			};
			name = Debug;
		};
		34FD89521D59CF5900CEEF85 /* Release */ = {
			isa = XCBuildConfiguration;
			baseConfigurationReference = 164F24D63B6CE19A0BFC0BA2 /* Pods-LZH_IJKPlayer-master.release.xcconfig */;
			buildSettings = {
				ASSETCATALOG_COMPILER_APPICON_NAME = AppIcon;
				FRAMEWORK_SEARCH_PATHS = (
					"$(inherited)",
					"$(PROJECT_DIR)/LZH_IJKPlayer-master/Framework",
				);
				INFOPLIST_FILE = "LZH_IJKPlayer-master/Info.plist";
				LD_RUNPATH_SEARCH_PATHS = "$(inherited) @executable_path/Frameworks";
				PRODUCT_BUNDLE_IDENTIFIER = "com.Harvy.LZH-IJKPlayer-master";
				PRODUCT_NAME = "$(TARGET_NAME)";
			};
			name = Release;
		};
		34FD89541D59CF5900CEEF85 /* Debug */ = {
			isa = XCBuildConfiguration;
			buildSettings = {
				BUNDLE_LOADER = "$(TEST_HOST)";
				INFOPLIST_FILE = "LZH_IJKPlayer-masterTests/Info.plist";
				LD_RUNPATH_SEARCH_PATHS = "$(inherited) @executable_path/Frameworks @loader_path/Frameworks";
				PRODUCT_BUNDLE_IDENTIFIER = "com.Harvy.LZH-IJKPlayer-masterTests";
				PRODUCT_NAME = "$(TARGET_NAME)";
				TEST_HOST = "$(BUILT_PRODUCTS_DIR)/LZH_IJKPlayer-master.app/LZH_IJKPlayer-master";
			};
			name = Debug;
		};
		34FD89551D59CF5900CEEF85 /* Release */ = {
			isa = XCBuildConfiguration;
			buildSettings = {
				BUNDLE_LOADER = "$(TEST_HOST)";
				INFOPLIST_FILE = "LZH_IJKPlayer-masterTests/Info.plist";
				LD_RUNPATH_SEARCH_PATHS = "$(inherited) @executable_path/Frameworks @loader_path/Frameworks";
				PRODUCT_BUNDLE_IDENTIFIER = "com.Harvy.LZH-IJKPlayer-masterTests";
				PRODUCT_NAME = "$(TARGET_NAME)";
				TEST_HOST = "$(BUILT_PRODUCTS_DIR)/LZH_IJKPlayer-master.app/LZH_IJKPlayer-master";
			};
			name = Release;
		};
		34FD89571D59CF5900CEEF85 /* Debug */ = {
			isa = XCBuildConfiguration;
			buildSettings = {
				INFOPLIST_FILE = "LZH_IJKPlayer-masterUITests/Info.plist";
				LD_RUNPATH_SEARCH_PATHS = "$(inherited) @executable_path/Frameworks @loader_path/Frameworks";
				PRODUCT_BUNDLE_IDENTIFIER = "com.Harvy.LZH-IJKPlayer-masterUITests";
				PRODUCT_NAME = "$(TARGET_NAME)";
				TEST_TARGET_NAME = "LZH_IJKPlayer-master";
			};
			name = Debug;
		};
		34FD89581D59CF5900CEEF85 /* Release */ = {
			isa = XCBuildConfiguration;
			buildSettings = {
				INFOPLIST_FILE = "LZH_IJKPlayer-masterUITests/Info.plist";
				LD_RUNPATH_SEARCH_PATHS = "$(inherited) @executable_path/Frameworks @loader_path/Frameworks";
				PRODUCT_BUNDLE_IDENTIFIER = "com.Harvy.LZH-IJKPlayer-masterUITests";
				PRODUCT_NAME = "$(TARGET_NAME)";
				TEST_TARGET_NAME = "LZH_IJKPlayer-master";
			};
			name = Release;
		};
/* End XCBuildConfiguration section */

/* Begin XCConfigurationList section */
		34FD891E1D59CF5800CEEF85 /* Build configuration list for PBXProject "LZH_IJKPlayer-master" */ = {
			isa = XCConfigurationList;
			buildConfigurations = (
				34FD894E1D59CF5900CEEF85 /* Debug */,
				34FD894F1D59CF5900CEEF85 /* Release */,
			);
			defaultConfigurationIsVisible = 0;
			defaultConfigurationName = Release;
		};
		34FD89501D59CF5900CEEF85 /* Build configuration list for PBXNativeTarget "LZH_IJKPlayer-master" */ = {
			isa = XCConfigurationList;
			buildConfigurations = (
				34FD89511D59CF5900CEEF85 /* Debug */,
				34FD89521D59CF5900CEEF85 /* Release */,
			);
			defaultConfigurationIsVisible = 0;
			defaultConfigurationName = Release;
		};
		34FD89531D59CF5900CEEF85 /* Build configuration list for PBXNativeTarget "LZH_IJKPlayer-masterTests" */ = {
			isa = XCConfigurationList;
			buildConfigurations = (
				34FD89541D59CF5900CEEF85 /* Debug */,
				34FD89551D59CF5900CEEF85 /* Release */,
			);
			defaultConfigurationIsVisible = 0;
			defaultConfigurationName = Release;
		};
		34FD89561D59CF5900CEEF85 /* Build configuration list for PBXNativeTarget "LZH_IJKPlayer-masterUITests" */ = {
			isa = XCConfigurationList;
			buildConfigurations = (
				34FD89571D59CF5900CEEF85 /* Debug */,
				34FD89581D59CF5900CEEF85 /* Release */,
			);
			defaultConfigurationIsVisible = 0;
			defaultConfigurationName = Release;
		};
/* End XCConfigurationList section */
	};
	rootObject = 34FD891B1D59CF5800CEEF85 /* Project object */;
}
